PODS:
  - LoginServiceKit (2.4.0)
  - Sparkle (2.4.1)

DEPENDENCIES:
  - LoginServiceKit (from `https://github.com/Clipy/LoginServiceKit.git`)
  - Sparkle

SPEC REPOS:
  trunk:
    - Sparkle

EXTERNAL SOURCES:
  LoginServiceKit:
    :git: https://github.com/Clipy/LoginServiceKit.git

CHECKOUT OPTIONS:
  LoginServiceKit:
    :commit: a8e68051aca8bbb702e62ab36006a301966ab053
    :git: https://github.com/Clipy/LoginServiceKit.git

SPEC CHECKSUMS:
  LoginServiceKit: f1fcedb23076c3a0384f0c7c06978bc49459a1be
  Sparkle: 02038653ca2cb9b64bc68952657c28c4d4c8c75d

PODFILE CHECKSUM: f654f606f3c5faffa753bc666434ece1a4ce6706

COCOAPODS: 1.12.1
