PODS:
  - LoginServiceKit (2.2.1)

DEPENDENCIES:
  - LoginServiceKit (from `https://github.com/Sunnyyoung/LoginServiceKit.git`)

EXTERNAL SOURCES:
  LoginServiceKit:
    :git: https://github.com/Sunnyyoung/LoginServiceKit.git

CHECKOUT OPTIONS:
  LoginServiceKit:
    :commit: 04a1379908432bc4e304b38c831d573b1943b3fa
    :git: https://github.com/Sunnyyoung/LoginServiceKit.git

SPEC CHECKSUMS:
  LoginServiceKit: e39022a6ea6169b3716fc3c43e89b2e7fd12f222

PODFILE CHECKSUM: a74738802732ffdd0ef69dc73fa451d4342e5507

COCOAPODS: 1.11.2
