PODS:
  - LoginServiceKit (2.5.0)

DEPENDENCIES:
  - LoginServiceKit (from `https://github.com/Clipy/LoginServiceKit.git`)

EXTERNAL SOURCES:
  LoginServiceKit:
    :git: https://github.com/Clipy/LoginServiceKit.git

CHECKOUT OPTIONS:
  LoginServiceKit:
    :commit: ad922de0efe2384b561375d4d5344e1e932c116d
    :git: https://github.com/Clipy/LoginServiceKit.git

SPEC CHECKSUMS:
  LoginServiceKit: 87c3d42ddb80d39ee8ea6b7a93f8c654ff58781b

PODFILE CHECKSUM: 4b794de3b1949dbb9fe9f1451ec54460bb6ec601

COCOAPODS: 1.16.2
